
Microsoft Visual Studio Solution File, Format Version 12.00
# Visual Studio 15
VisualStudioVersion = 15.0.26730.15
MinimumVisualStudioVersion = 10.0.40219.1
Project("{FAE04EC0-301F-11D3-BF4B-00C04F79EFBC}") = "OneNoteReader", "OneNoteReader\OneNoteReader.csproj", "{A1D9DAFF-42C3-4D6F-9B6F-E28511D31BA3}"
EndProject
Global
	GlobalSection(SolutionConfigurationPlatforms) = preSolution
		Debug|Any CPU = Debug|Any CPU
		Release|Any CPU = Release|Any CPU
	EndGlobalSection
	GlobalSection(ProjectConfigurationPlatforms) = postSolution
		{A1D9DAFF-42C3-4D6F-9B6F-E28511D31BA3}.Debug|Any CPU.ActiveCfg = Debug|Any CPU
		{A1D9DAFF-42C3-4D6F-9B6F-E28511D31BA3}.Debug|Any CPU.Build.0 = Debug|Any CPU
		{A1D9DAFF-42C3-4D6F-9B6F-E28511D31BA3}.Release|Any CPU.ActiveCfg = Release|Any CPU
		{A1D9DAFF-42C3-4D6F-9B6F-E28511D31BA3}.Release|Any CPU.Build.0 = Release|Any CPU
	EndGlobalSection
	GlobalSection(SolutionProperties) = preSolution
		HideSolutionNode = FALSE
	EndGlobalSection
	GlobalSection(ExtensibilityGlobals) = postSolution
		SolutionGuid = {175ED62D-0001-4FC5-9FCF-F122A84DA52F}
	EndGlobalSection
EndGlobal
